
Microsoft Visual Studio Solution File, Format Version 12.00
Project("{FAE04EC0-301F-11D3-BF4B-00C04F79EFBC}") = "Class2Query", "Class2Query\Class2Query.csproj", "{F3FE1BB3-05A2-4521-B54D-2B08074727A2}"
EndProject
Project("{FAE04EC0-301F-11D3-BF4B-00C04F79EFBC}") = "Test", "Test\Test.csproj", "{7D412C0B-1940-4A23-836B-5429EF29070C}"
EndProject
Global
	GlobalSection(SolutionConfigurationPlatforms) = preSolution
		Debug|Any CPU = Debug|Any CPU
		Release|Any CPU = Release|Any CPU
	EndGlobalSection
	GlobalSection(ProjectConfigurationPlatforms) = postSolution
		{F3FE1BB3-05A2-4521-B54D-2B08074727A2}.Debug|Any CPU.ActiveCfg = Debug|Any CPU
		{F3FE1BB3-05A2-4521-B54D-2B08074727A2}.Debug|Any CPU.Build.0 = Debug|Any CPU
		{F3FE1BB3-05A2-4521-B54D-2B08074727A2}.Release|Any CPU.ActiveCfg = Release|Any CPU
		{F3FE1BB3-05A2-4521-B54D-2B08074727A2}.Release|Any CPU.Build.0 = Release|Any CPU
		{7D412C0B-1940-4A23-836B-5429EF29070C}.Debug|Any CPU.ActiveCfg = Debug|Any CPU
		{7D412C0B-1940-4A23-836B-5429EF29070C}.Debug|Any CPU.Build.0 = Debug|Any CPU
		{7D412C0B-1940-4A23-836B-5429EF29070C}.Release|Any CPU.ActiveCfg = Release|Any CPU
		{7D412C0B-1940-4A23-836B-5429EF29070C}.Release|Any CPU.Build.0 = Release|Any CPU
	EndGlobalSection
EndGlobal
